// !$*UTF8*$!
{
	archiveVersion = 1;
	classes = {
	};
	objectVersion = 50;
	objects = {

/* Begin PBXBuildFile section */
		1C0ED9FB22DC8CD700446648 /* AppDelegate.swift in Sources */ = {isa = PBXBuildFile; fileRef = 1C0ED9FA22DC8CD700446648 /* AppDelegate.swift */; };
		1C0ED9FD22DC8CD700446648 /* ViewController.swift in Sources */ = {isa = PBXBuildFile; fileRef = 1C0ED9FC22DC8CD700446648 /* ViewController.swift */; };
		1C0EDA0022DC8CD700446648 /* Main.storyboard in Resources */ = {isa = PBXBuildFile; fileRef = 1C0ED9FE22DC8CD700446648 /* Main.storyboard */; };
		1C0EDA0222DC8CD800446648 /* Assets.xcassets in Resources */ = {isa = PBXBuildFile; fileRef = 1C0EDA0122DC8CD800446648 /* Assets.xcassets */; };
		1C0EDA0522DC8CD800446648 /* LaunchScreen.storyboard in Resources */ = {isa = PBXBuildFile; fileRef = 1C0EDA0322DC8CD800446648 /* LaunchScreen.storyboard */; };
		1C0EDA0D22DC976300446648 /* GirlCollectionViewCell.swift in Sources */ = {isa = PBXBuildFile; fileRef = 1C0EDA0C22DC976300446648 /* GirlCollectionViewCell.swift */; };
		1C0EDA0F22DC977000446648 /* MealCollectionViewCell.swift in Sources */ = {isa = PBXBuildFile; fileRef = 1C0EDA0E22DC977000446648 /* MealCollectionViewCell.swift */; };
/* End PBXBuildFile section */

/* Begin PBXFileReference section */
		1C0ED9F722DC8CD700446648 /* MultipleCollectionView.app */ = {isa = PBXFileReference; explicitFileType = wrapper.application; includeInIndex = 0; path = MultipleCollectionView.app; sourceTree = BUILT_PRODUCTS_DIR; };
		1C0ED9FA22DC8CD700446648 /* AppDelegate.swift */ = {isa = PBXFileReference; lastKnownFileType = sourcecode.swift; path = AppDelegate.swift; sourceTree = "<group>"; };
		1C0ED9FC22DC8CD700446648 /* ViewController.swift */ = {isa = PBXFileReference; lastKnownFileType = sourcecode.swift; path = ViewController.swift; sourceTree = "<group>"; };
		1C0ED9FF22DC8CD700446648 /* Base */ = {isa = PBXFileReference; lastKnownFileType = file.storyboard; name = Base; path = Base.lproj/Main.storyboard; sourceTree = "<group>"; };
		1C0EDA0122DC8CD800446648 /* Assets.xcassets */ = {isa = PBXFileReference; lastKnownFileType = folder.assetcatalog; path = Assets.xcassets; sourceTree = "<group>"; };
		1C0EDA0422DC8CD800446648 /* Base */ = {isa = PBXFileReference; lastKnownFileType = file.storyboard; name = Base; path = Base.lproj/LaunchScreen.storyboard; sourceTree = "<group>"; };
		1C0EDA0622DC8CD800446648 /* Info.plist */ = {isa = PBXFileReference; lastKnownFileType = text.plist.xml; path = Info.plist; sourceTree = "<group>"; };
		1C0EDA0C22DC976300446648 /* GirlCollectionViewCell.swift */ = {isa = PBXFileReference; lastKnownFileType = sourcecode.swift; path = GirlCollectionViewCell.swift; sourceTree = "<group>"; };
		1C0EDA0E22DC977000446648 /* MealCollectionViewCell.swift */ = {isa = PBXFileReference; lastKnownFileType = sourcecode.swift; path = MealCollectionViewCell.swift; sourceTree = "<group>"; };
/* End PBXFileReference section */

/* Begin PBXFrameworksBuildPhase section */
		1C0ED9F422DC8CD700446648 /* Frameworks */ = {
			isa = PBXFrameworksBuildPhase;
			buildActionMask = 2147483647;
			files = (
			);
			runOnlyForDeploymentPostprocessing = 0;
		};
/* End PBXFrameworksBuildPhase section */

/* Begin PBXGroup section */
		1C0ED9EE22DC8CD700446648 = {
			isa = PBXGroup;
			children = (
				1C0ED9F922DC8CD700446648 /* MultipleCollectionView */,
				1C0ED9F822DC8CD700446648 /* Products */,
			);
			sourceTree = "<group>";
		};
		1C0ED9F822DC8CD700446648 /* Products */ = {
			isa = PBXGroup;
			children = (
				1C0ED9F722DC8CD700446648 /* MultipleCollectionView.app */,
			);
			name = Products;
			sourceTree = "<group>";
		};
		1C0ED9F922DC8CD700446648 /* MultipleCollectionView */ = {
			isa = PBXGroup;
			children = (
				1C0ED9FA22DC8CD700446648 /* AppDelegate.swift */,
				1C0EDA0C22DC976300446648 /* GirlCollectionViewCell.swift */,
				1C0EDA0E22DC977000446648 /* MealCollectionViewCell.swift */,
				1C0ED9FC22DC8CD700446648 /* ViewController.swift */,
				1C0ED9FE22DC8CD700446648 /* Main.storyboard */,
				1C0EDA0122DC8CD800446648 /* Assets.xcassets */,
				1C0EDA0322DC8CD800446648 /* LaunchScreen.storyboard */,
				1C0EDA0622DC8CD800446648 /* Info.plist */,
			);
			path = MultipleCollectionView;
			sourceTree = "<group>";
		};
/* End PBXGroup section */

/* Begin PBXNativeTarget section */
		1C0ED9F622DC8CD700446648 /* MultipleCollectionView */ = {
			isa = PBXNativeTarget;
			buildConfigurationList = 1C0EDA0922DC8CD800446648 /* Build configuration list for PBXNativeTarget "MultipleCollectionView" */;
			buildPhases = (
				1C0ED9F322DC8CD700446648 /* Sources */,
				1C0ED9F422DC8CD700446648 /* Frameworks */,
				1C0ED9F522DC8CD700446648 /* Resources */,
			);
			buildRules = (
			);
			dependencies = (
			);
			name = MultipleCollectionView;
			productName = MultipleCollectionView;
			productReference = 1C0ED9F722DC8CD700446648 /* MultipleCollectionView.app */;
			productType = "com.apple.product-type.application";
		};
/* End PBXNativeTarget section */

/* Begin PBXProject section */
		1C0ED9EF22DC8CD700446648 /* Project object */ = {
			isa = PBXProject;
			attributes = {
				LastSwiftUpdateCheck = 1020;
				LastUpgradeCheck = 1020;
				ORGANIZATIONNAME = "Đặng Khánh";
				TargetAttributes = {
					1C0ED9F622DC8CD700446648 = {
						CreatedOnToolsVersion = 10.2.1;
					};
				};
			};
			buildConfigurationList = 1C0ED9F222DC8CD700446648 /* Build configuration list for PBXProject "MultipleCollectionView" */;
			compatibilityVersion = "Xcode 9.3";
			developmentRegion = en;
			hasScannedForEncodings = 0;
			knownRegions = (
				en,
				Base,
			);
			mainGroup = 1C0ED9EE22DC8CD700446648;
			productRefGroup = 1C0ED9F822DC8CD700446648 /* Products */;
			projectDirPath = "";
			projectRoot = "";
			targets = (
				1C0ED9F622DC8CD700446648 /* MultipleCollectionView */,
			);
		};
/* End PBXProject section */

/* Begin PBXResourcesBuildPhase section */
		1C0ED9F522DC8CD700446648 /* Resources */ = {
			isa = PBXResourcesBuildPhase;
			buildActionMask = 2147483647;
			files = (
				1C0EDA0522DC8CD800446648 /* LaunchScreen.storyboard in Resources */,
				1C0EDA0222DC8CD800446648 /* Assets.xcassets in Resources */,
				1C0EDA0022DC8CD700446648 /* Main.storyboard in Resources */,
			);
			runOnlyForDeploymentPostprocessing = 0;
		};
/* End PBXResourcesBuildPhase section */

/* Begin PBXSourcesBuildPhase section */
		1C0ED9F322DC8CD700446648 /* Sources */ = {
			isa = PBXSourcesBuildPhase;
			buildActionMask = 2147483647;
			files = (
				1C0EDA0F22DC977000446648 /* MealCollectionViewCell.swift in Sources */,
				1C0ED9FD22DC8CD700446648 /* ViewController.swift in Sources */,
				1C0ED9FB22DC8CD700446648 /* AppDelegate.swift in Sources */,
				1C0EDA0D22DC976300446648 /* GirlCollectionViewCell.swift in Sources */,
			);
			runOnlyForDeploymentPostprocessing = 0;
		};
/* End PBXSourcesBuildPhase section */

/* Begin PBXVariantGroup section */
		1C0ED9FE22DC8CD700446648 /* Main.storyboard */ = {
			isa = PBXVariantGroup;
			children = (
				1C0ED9FF22DC8CD700446648 /* Base */,
			);
			name = Main.storyboard;
			sourceTree = "<group>";
		};
		1C0EDA0322DC8CD800446648 /* LaunchScreen.storyboard */ = {
			isa = PBXVariantGroup;
			children = (
				1C0EDA0422DC8CD800446648 /* Base */,
			);
			name = LaunchScreen.storyboard;
			sourceTree = "<group>";
		};
/* End PBXVariantGroup section */

/* Begin XCBuildConfiguration section */
		1C0EDA0722DC8CD800446648 /* Debug */ = {
			isa = XCBuildConfiguration;
			buildSettings = {
				ALWAYS_SEARCH_USER_PATHS = NO;
				CLANG_ANALYZER_NONNULL = YES;
				CLANG_ANALYZER_NUMBER_OBJECT_CONVERSION = YES_AGGRESSIVE;
				CLANG_CXX_LANGUAGE_STANDARD = "gnu++14";
				CLANG_CXX_LIBRARY = "libc++";
				CLANG_ENABLE_MODULES = YES;
				CLANG_ENABLE_OBJC_ARC = YES;
				CLANG_ENABLE_OBJC_WEAK = YES;
				CLANG_WARN_BLOCK_CAPTURE_AUTORELEASING = YES;
				CLANG_WARN_BOOL_CONVERSION = YES;
				CLANG_WARN_COMMA = YES;
				CLANG_WARN_CONSTANT_CONVERSION = YES;
				CLANG_WARN_DEPRECATED_OBJC_IMPLEMENTATIONS = YES;
				CLANG_WARN_DIRECT_OBJC_ISA_USAGE = YES_ERROR;
				CLANG_WARN_DOCUMENTATION_COMMENTS = YES;
				CLANG_WARN_EMPTY_BODY = YES;
				CLANG_WARN_ENUM_CONVERSION = YES;
				CLANG_WARN_INFINITE_RECURSION = YES;
				CLANG_WARN_INT_CONVERSION = YES;
				CLANG_WARN_NON_LITERAL_NULL_CONVERSION = YES;
				CLANG_WARN_OBJC_IMPLICIT_RETAIN_SELF = YES;
				CLANG_WARN_OBJC_LITERAL_CONVERSION = YES;
				CLANG_WARN_OBJC_ROOT_CLASS = YES_ERROR;
				CLANG_WARN_RANGE_LOOP_ANALYSIS = YES;
				CLANG_WARN_STRICT_PROTOTYPES = YES;
				CLANG_WARN_SUSPICIOUS_MOVE = YES;
				CLANG_WARN_UNGUARDED_AVAILABILITY = YES_AGGRESSIVE;
				CLANG_WARN_UNREACHABLE_CODE = YES;
				CLANG_WARN__DUPLICATE_METHOD_MATCH = YES;
				CODE_SIGN_IDENTITY = "iPhone Developer";
				COPY_PHASE_STRIP = NO;
				DEBUG_INFORMATION_FORMAT = dwarf;
				ENABLE_STRICT_OBJC_MSGSEND = YES;
				ENABLE_TESTABILITY = YES;
				GCC_C_LANGUAGE_STANDARD = gnu11;
				GCC_DYNAMIC_NO_PIC = NO;
				GCC_NO_COMMON_BLOCKS = YES;
				GCC_OPTIMIZATION_LEVEL = 0;
				GCC_PREPROCESSOR_DEFINITIONS = (
					"DEBUG=1",
					"$(inherited)",
				);
				GCC_WARN_64_TO_32_BIT_CONVERSION = YES;
				GCC_WARN_ABOUT_RETURN_TYPE = YES_ERROR;
				GCC_WARN_UNDECLARED_SELECTOR = YES;
				GCC_WARN_UNINITIALIZED_AUTOS = YES_AGGRESSIVE;
				GCC_WARN_UNUSED_FUNCTION = YES;
				GCC_WARN_UNUSED_VARIABLE = YES;
				IPHONEOS_DEPLOYMENT_TARGET = 12.2;
				MTL_ENABLE_DEBUG_INFO = INCLUDE_SOURCE;
				MTL_FAST_MATH = YES;
				ONLY_ACTIVE_ARCH = YES;
				SDKROOT = iphoneos;
				SWIFT_ACTIVE_COMPILATION_CONDITIONS = DEBUG;
				SWIFT_OPTIMIZATION_LEVEL = "-Onone";
			};
			name = Debug;
		};
		1C0EDA0822DC8CD800446648 /* Release */ = {
			isa = XCBuildConfiguration;
			buildSettings = {
				ALWAYS_SEARCH_USER_PATHS = NO;
				CLANG_ANALYZER_NONNULL = YES;
				CLANG_ANALYZER_NUMBER_OBJECT_CONVERSION = YES_AGGRESSIVE;
				CLANG_CXX_LANGUAGE_STANDARD = "gnu++14";
				CLANG_CXX_LIBRARY = "libc++";
				CLANG_ENABLE_MODULES = YES;
				CLANG_ENABLE_OBJC_ARC = YES;
				CLANG_ENABLE_OBJC_WEAK = YES;
				CLANG_WARN_BLOCK_CAPTURE_AUTORELEASING = YES;
				CLANG_WARN_BOOL_CONVERSION = YES;
				CLANG_WARN_COMMA = YES;
				CLANG_WARN_CONSTANT_CONVERSION = YES;
				CLANG_WARN_DEPRECATED_OBJC_IMPLEMENTATIONS = YES;
				CLANG_WARN_DIRECT_OBJC_ISA_USAGE = YES_ERROR;
				CLANG_WARN_DOCUMENTATION_COMMENTS = YES;
				CLANG_WARN_EMPTY_BODY = YES;
				CLANG_WARN_ENUM_CONVERSION = YES;
				CLANG_WARN_INFINITE_RECURSION = YES;
				CLANG_WARN_INT_CONVERSION = YES;
				CLANG_WARN_NON_LITERAL_NULL_CONVERSION = YES;
				CLANG_WARN_OBJC_IMPLICIT_RETAIN_SELF = YES;
				CLANG_WARN_OBJC_LITERAL_CONVERSION = YES;
				CLANG_WARN_OBJC_ROOT_CLASS = YES_ERROR;
				CLANG_WARN_RANGE_LOOP_ANALYSIS = YES;
				CLANG_WARN_STRICT_PROTOTYPES = YES;
				CLANG_WARN_SUSPICIOUS_MOVE = YES;
				CLANG_WARN_UNGUARDED_AVAILABILITY = YES_AGGRESSIVE;
				CLANG_WARN_UNREACHABLE_CODE = YES;
				CLANG_WARN__DUPLICATE_METHOD_MATCH = YES;
				CODE_SIGN_IDENTITY = "iPhone Developer";
				COPY_PHASE_STRIP = NO;
				DEBUG_INFORMATION_FORMAT = "dwarf-with-dsym";
				ENABLE_NS_ASSERTIONS = NO;
				ENABLE_STRICT_OBJC_MSGSEND = YES;
				GCC_C_LANGUAGE_STANDARD = gnu11;
				GCC_NO_COMMON_BLOCKS = YES;
				GCC_WARN_64_TO_32_BIT_CONVERSION = YES;
				GCC_WARN_ABOUT_RETURN_TYPE = YES_ERROR;
				GCC_WARN_UNDECLARED_SELECTOR = YES;
				GCC_WARN_UNINITIALIZED_AUTOS = YES_AGGRESSIVE;
				GCC_WARN_UNUSED_FUNCTION = YES;
				GCC_WARN_UNUSED_VARIABLE = YES;
				IPHONEOS_DEPLOYMENT_TARGET = 12.2;
				MTL_ENABLE_DEBUG_INFO = NO;
				MTL_FAST_MATH = YES;
				SDKROOT = iphoneos;
				SWIFT_COMPILATION_MODE = wholemodule;
				SWIFT_OPTIMIZATION_LEVEL = "-O";
				VALIDATE_PRODUCT = YES;
			};
			name = Release;
		};
		1C0EDA0A22DC8CD800446648 /* Debug */ = {
			isa = XCBuildConfiguration;
			buildSettings = {
				ASSETCATALOG_COMPILER_APPICON_NAME = AppIcon;
				CODE_SIGN_STYLE = Automatic;
				INFOPLIST_FILE = MultipleCollectionView/Info.plist;
				LD_RUNPATH_SEARCH_PATHS = (
					"$(inherited)",
					"@executable_path/Frameworks",
				);
				PRODUCT_BUNDLE_IDENTIFIER = harry.MultipleCollectionView;
				PRODUCT_NAME = "$(TARGET_NAME)";
				SWIFT_VERSION = 5.0;
				TARGETED_DEVICE_FAMILY = "1,2";
			};
			name = Debug;
		};
		1C0EDA0B22DC8CD800446648 /* Release */ = {
			isa = XCBuildConfiguration;
			buildSettings = {
				ASSETCATALOG_COMPILER_APPICON_NAME = AppIcon;
				CODE_SIGN_STYLE = Automatic;
				INFOPLIST_FILE = MultipleCollectionView/Info.plist;
				LD_RUNPATH_SEARCH_PATHS = (
					"$(inherited)",
					"@executable_path/Frameworks",
				);
				PRODUCT_BUNDLE_IDENTIFIER = harry.MultipleCollectionView;
				PRODUCT_NAME = "$(TARGET_NAME)";
				SWIFT_VERSION = 5.0;
				TARGETED_DEVICE_FAMILY = "1,2";
			};
			name = Release;
		};
/* End XCBuildConfiguration section */

/* Begin XCConfigurationList section */
		1C0ED9F222DC8CD700446648 /* Build configuration list for PBXProject "MultipleCollectionView" */ = {
			isa = XCConfigurationList;
			buildConfigurations = (
				1C0EDA0722DC8CD800446648 /* Debug */,
				1C0EDA0822DC8CD800446648 /* Release */,
			);
			defaultConfigurationIsVisible = 0;
			defaultConfigurationName = Release;
		};
		1C0EDA0922DC8CD800446648 /* Build configuration list for PBXNativeTarget "MultipleCollectionView" */ = {
			isa = XCConfigurationList;
			buildConfigurations = (
				1C0EDA0A22DC8CD800446648 /* Debug */,
				1C0EDA0B22DC8CD800446648 /* Release */,
			);
			defaultConfigurationIsVisible = 0;
			defaultConfigurationName = Release;
		};
/* End XCConfigurationList section */
	};
	rootObject = 1C0ED9EF22DC8CD700446648 /* Project object */;
}
